
Microsoft Visual Studio Solution File, Format Version 12.00
# Visual Studio 2013
VisualStudioVersion = 12.0.30110.0
MinimumVisualStudioVersion = 10.0.40219.1
Project("{FAE04EC0-301F-11D3-BF4B-00C04F79EFBC}") = "EncodingConvertTool", "EncodingConvertTool\EncodingConvertTool.csproj", "{10BB0EA9-2D75-46CF-9AA1-25D09156187A}"
EndProject
Global
	GlobalSection(SolutionConfigurationPlatforms) = preSolution
		Debug|Any CPU = Debug|Any CPU
		Release|Any CPU = Release|Any CPU
	EndGlobalSection
	GlobalSection(ProjectConfigurationPlatforms) = postSolution
		{10BB0EA9-2D75-46CF-9AA1-25D09156187A}.Debug|Any CPU.ActiveCfg = Debug|Any CPU
		{10BB0EA9-2D75-46CF-9AA1-25D09156187A}.Debug|Any CPU.Build.0 = Debug|Any CPU
		{10BB0EA9-2D75-46CF-9AA1-25D09156187A}.Release|Any CPU.ActiveCfg = Release|Any CPU
		{10BB0EA9-2D75-46CF-9AA1-25D09156187A}.Release|Any CPU.Build.0 = Release|Any CPU
	EndGlobalSection
	GlobalSection(SolutionProperties) = preSolution
		HideSolutionNode = FALSE
	EndGlobalSection
EndGlobal
